
Microsoft Visual Studio Solution File, Format Version 12.00
# Visual Studio 15
VisualStudioVersion = 15.0.28010.2016
MinimumVisualStudioVersion = 10.0.40219.1
Project("{FAE04EC0-301F-11D3-BF4B-00C04F79EFBC}") = "21_9_2018_Validaction", "21_9_2018_Validaction\21_9_2018_Validaction.csproj", "{C381CBF9-3946-4C17-B12F-9D5C30BE651B}"
EndProject
Project("{FAE04EC0-301F-11D3-BF4B-00C04F79EFBC}") = "21_9_2018_RegistractionFoam", "21_9_2018_RegistractionFoam\21_9_2018_RegistractionFoam.csproj", "{EA50B82D-73DE-44C8-9840-3C917F4FB776}"
EndProject
Project("{FAE04EC0-301F-11D3-BF4B-00C04F79EFBC}") = "22_9_2018_Authentication", "22_9_2018_Authentication\22_9_2018_Authentication.csproj", "{50AF7CF8-B9EE-4F6C-90FD-FF73D8B8B5FB}"
EndProject
Project("{FAE04EC0-301F-11D3-BF4B-00C04F79EFBC}") = "22_9_2018_Authencation2_0", "22_9_2018_Authencation2.0\22_9_2018_Authencation2_0.csproj", "{3D804C20-8178-4262-8AC1-3B7D036D1915}"
EndProject
Project("{FAE04EC0-301F-11D3-BF4B-00C04F79EFBC}") = "Repositary_file", "Repositary\Repositary_file.csproj", "{569CA5A2-FEC3-4DA5-B4CA-9776009856E8}"
EndProject
Project("{FAE04EC0-301F-11D3-BF4B-00C04F79EFBC}") = "26_9_2018_Authencation_Updated", "26_9_2018_Authencation_Updated\26_9_2018_Authencation_Updated.csproj", "{06F2CBDE-BAA1-4EA5-9E14-DFA5727F0822}"
EndProject
Global
	GlobalSection(SolutionConfigurationPlatforms) = preSolution
		Debug|Any CPU = Debug|Any CPU
		Release|Any CPU = Release|Any CPU
	EndGlobalSection
	GlobalSection(ProjectConfigurationPlatforms) = postSolution
		{C381CBF9-3946-4C17-B12F-9D5C30BE651B}.Debug|Any CPU.ActiveCfg = Debug|Any CPU
		{C381CBF9-3946-4C17-B12F-9D5C30BE651B}.Debug|Any CPU.Build.0 = Debug|Any CPU
		{C381CBF9-3946-4C17-B12F-9D5C30BE651B}.Release|Any CPU.ActiveCfg = Release|Any CPU
		{C381CBF9-3946-4C17-B12F-9D5C30BE651B}.Release|Any CPU.Build.0 = Release|Any CPU
		{EA50B82D-73DE-44C8-9840-3C917F4FB776}.Debug|Any CPU.ActiveCfg = Debug|Any CPU
		{EA50B82D-73DE-44C8-9840-3C917F4FB776}.Debug|Any CPU.Build.0 = Debug|Any CPU
		{EA50B82D-73DE-44C8-9840-3C917F4FB776}.Release|Any CPU.ActiveCfg = Release|Any CPU
		{EA50B82D-73DE-44C8-9840-3C917F4FB776}.Release|Any CPU.Build.0 = Release|Any CPU
		{50AF7CF8-B9EE-4F6C-90FD-FF73D8B8B5FB}.Debug|Any CPU.ActiveCfg = Debug|Any CPU
		{50AF7CF8-B9EE-4F6C-90FD-FF73D8B8B5FB}.Debug|Any CPU.Build.0 = Debug|Any CPU
		{50AF7CF8-B9EE-4F6C-90FD-FF73D8B8B5FB}.Release|Any CPU.ActiveCfg = Release|Any CPU
		{50AF7CF8-B9EE-4F6C-90FD-FF73D8B8B5FB}.Release|Any CPU.Build.0 = Release|Any CPU
		{3D804C20-8178-4262-8AC1-3B7D036D1915}.Debug|Any CPU.ActiveCfg = Debug|Any CPU
		{3D804C20-8178-4262-8AC1-3B7D036D1915}.Debug|Any CPU.Build.0 = Debug|Any CPU
		{3D804C20-8178-4262-8AC1-3B7D036D1915}.Release|Any CPU.ActiveCfg = Release|Any CPU
		{3D804C20-8178-4262-8AC1-3B7D036D1915}.Release|Any CPU.Build.0 = Release|Any CPU
		{569CA5A2-FEC3-4DA5-B4CA-9776009856E8}.Debug|Any CPU.ActiveCfg = Debug|Any CPU
		{569CA5A2-FEC3-4DA5-B4CA-9776009856E8}.Debug|Any CPU.Build.0 = Debug|Any CPU
		{569CA5A2-FEC3-4DA5-B4CA-9776009856E8}.Release|Any CPU.ActiveCfg = Release|Any CPU
		{569CA5A2-FEC3-4DA5-B4CA-9776009856E8}.Release|Any CPU.Build.0 = Release|Any CPU
		{06F2CBDE-BAA1-4EA5-9E14-DFA5727F0822}.Debug|Any CPU.ActiveCfg = Debug|Any CPU
		{06F2CBDE-BAA1-4EA5-9E14-DFA5727F0822}.Debug|Any CPU.Build.0 = Debug|Any CPU
		{06F2CBDE-BAA1-4EA5-9E14-DFA5727F0822}.Release|Any CPU.ActiveCfg = Release|Any CPU
		{06F2CBDE-BAA1-4EA5-9E14-DFA5727F0822}.Release|Any CPU.Build.0 = Release|Any CPU
	EndGlobalSection
	GlobalSection(SolutionProperties) = preSolution
		HideSolutionNode = FALSE
	EndGlobalSection
	GlobalSection(ExtensibilityGlobals) = postSolution
		SolutionGuid = {B2097C01-0278-46BD-9130-AA0715B9BD19}
	EndGlobalSection
EndGlobal
